// !$*UTF8*$!
{
	archiveVersion = 1;
	classes = {
	};
	objectVersion = 46;
	objects = {

/* Begin PBXBuildFile section */
		0C28EA2920A7EBBB006C6E71 /* TransactionDetailViewController.swift in Sources */ = {isa = PBXBuildFile; fileRef = 0C28EA2820A7EBBB006C6E71 /* TransactionDetailViewController.swift */; };
		0C28EA2B20A8A371006C6E71 /* TransactionListCell.swift in Sources */ = {isa = PBXBuildFile; fileRef = 0C28EA2A20A8A371006C6E71 /* TransactionListCell.swift */; };
		0CA40424208AC776006D6117 /* WalletListController.swift in Sources */ = {isa = PBXBuildFile; fileRef = 0CA40423208AC776006D6117 /* WalletListController.swift */; };
		0CA40426208AC916006D6117 /* BaseViewController.swift in Sources */ = {isa = PBXBuildFile; fileRef = 0CA40425208AC916006D6117 /* BaseViewController.swift */; };
		0CA40429208ACE34006D6117 /* WalletListCell.swift in Sources */ = {isa = PBXBuildFile; fileRef = 0CA40428208ACE34006D6117 /* WalletListCell.swift */; };
		0CA4042B208AFBEE006D6117 /* ImportJSONViewController.swift in Sources */ = {isa = PBXBuildFile; fileRef = 0CA4042A208AFBEE006D6117 /* ImportJSONViewController.swift */; };
		0CC22685209EE0BE00B55D55 /* PasswordViewController.swift in Sources */ = {isa = PBXBuildFile; fileRef = 0CC22684209EE0BE00B55D55 /* PasswordViewController.swift */; };
		0CC2269A209EE17100B55D55 /* ArrayExtensions.swift in Sources */ = {isa = PBXBuildFile; fileRef = 0CC22687209EE17100B55D55 /* ArrayExtensions.swift */; };
		0CC2269B209EE17100B55D55 /* CGColorExtensions.swift in Sources */ = {isa = PBXBuildFile; fileRef = 0CC22688209EE17100B55D55 /* CGColorExtensions.swift */; };
		0CC2269C209EE17100B55D55 /* CharacterExtensions.swift in Sources */ = {isa = PBXBuildFile; fileRef = 0CC22689209EE17100B55D55 /* CharacterExtensions.swift */; };
		0CC2269D209EE17100B55D55 /* DataExtensions.swift in Sources */ = {isa = PBXBuildFile; fileRef = 0CC2268A209EE17100B55D55 /* DataExtensions.swift */; };
		0CC2269E209EE17100B55D55 /* DateExtensions.swift in Sources */ = {isa = PBXBuildFile; fileRef = 0CC2268B209EE17100B55D55 /* DateExtensions.swift */; };
		0CC2269F209EE17100B55D55 /* DictionaryExtensions.swift in Sources */ = {isa = PBXBuildFile; fileRef = 0CC2268C209EE17100B55D55 /* DictionaryExtensions.swift */; };
		0CC226A0209EE17100B55D55 /* FontExtention.swift in Sources */ = {isa = PBXBuildFile; fileRef = 0CC2268D209EE17100B55D55 /* FontExtention.swift */; };
		0CC226A1209EE17100B55D55 /* LocaleExtensions.swift in Sources */ = {isa = PBXBuildFile; fileRef = 0CC2268E209EE17100B55D55 /* LocaleExtensions.swift */; };
		0CC226A2209EE17100B55D55 /* NDETextField.swift in Sources */ = {isa = PBXBuildFile; fileRef = 0CC2268F209EE17100B55D55 /* NDETextField.swift */; };
		0CC226A3209EE17100B55D55 /* StringExtensions.swift in Sources */ = {isa = PBXBuildFile; fileRef = 0CC22690209EE17100B55D55 /* StringExtensions.swift */; };
		0CC226A4209EE17100B55D55 /* SwifterSwift.swift in Sources */ = {isa = PBXBuildFile; fileRef = 0CC22691209EE17100B55D55 /* SwifterSwift.swift */; };
		0CC226A5209EE17100B55D55 /* TextViewExtensions.swift in Sources */ = {isa = PBXBuildFile; fileRef = 0CC22692209EE17100B55D55 /* TextViewExtensions.swift */; };
		0CC226A6209EE17100B55D55 /* UIButtonExtensions.swift in Sources */ = {isa = PBXBuildFile; fileRef = 0CC22693209EE17100B55D55 /* UIButtonExtensions.swift */; };
		0CC226A7209EE17100B55D55 /* UICollectionViewExtensions.swift in Sources */ = {isa = PBXBuildFile; fileRef = 0CC22694209EE17100B55D55 /* UICollectionViewExtensions.swift */; };
		0CC226A8209EE17100B55D55 /* UIColorExtensions.swift in Sources */ = {isa = PBXBuildFile; fileRef = 0CC22695209EE17100B55D55 /* UIColorExtensions.swift */; };
		0CC226A9209EE17100B55D55 /* UIImageExtensions.swift in Sources */ = {isa = PBXBuildFile; fileRef = 0CC22696209EE17100B55D55 /* UIImageExtensions.swift */; };
		0CC226AA209EE17100B55D55 /* UIImageViewExtensions.swift in Sources */ = {isa = PBXBuildFile; fileRef = 0CC22697209EE17100B55D55 /* UIImageViewExtensions.swift */; };
		0CC226AB209EE17100B55D55 /* UIViewControllerExtensions.swift in Sources */ = {isa = PBXBuildFile; fileRef = 0CC22698209EE17100B55D55 /* UIViewControllerExtensions.swift */; };
		0CC226AC209EE17100B55D55 /* UIViewExtensions.swift in Sources */ = {isa = PBXBuildFile; fileRef = 0CC22699209EE17100B55D55 /* UIViewExtensions.swift */; };
		0CC226AE209EF71500B55D55 /* TransactionViewController.swift in Sources */ = {isa = PBXBuildFile; fileRef = 0CC226AD209EF71500B55D55 /* TransactionViewController.swift */; };
		0CC226B0209EF72C00B55D55 /* WalletViewController.swift in Sources */ = {isa = PBXBuildFile; fileRef = 0CC226AF209EF72C00B55D55 /* WalletViewController.swift */; };
		0CC226B2209F02C400B55D55 /* SendNANJViewController.swift in Sources */ = {isa = PBXBuildFile; fileRef = 0CC226B1209F02C400B55D55 /* SendNANJViewController.swift */; };
		36BD4843AFB7A663DF078BF0 /* Pods_NANJFrameworks_Tests.framework in Frameworks */ = {isa = PBXBuildFile; fileRef = 817CEDEB117173B292B63120 /* Pods_NANJFrameworks_Tests.framework */; };
		607FACD61AFB9204008FA782 /* AppDelegate.swift in Sources */ = {isa = PBXBuildFile; fileRef = 607FACD51AFB9204008FA782 /* AppDelegate.swift */; };
		607FACDB1AFB9204008FA782 /* Main.storyboard in Resources */ = {isa = PBXBuildFile; fileRef = 607FACD91AFB9204008FA782 /* Main.storyboard */; };
		607FACDD1AFB9204008FA782 /* Images.xcassets in Resources */ = {isa = PBXBuildFile; fileRef = 607FACDC1AFB9204008FA782 /* Images.xcassets */; };
		607FACE01AFB9204008FA782 /* LaunchScreen.xib in Resources */ = {isa = PBXBuildFile; fileRef = 607FACDE1AFB9204008FA782 /* LaunchScreen.xib */; };
		607FACEC1AFB9204008FA782 /* Tests.swift in Sources */ = {isa = PBXBuildFile; fileRef = 607FACEB1AFB9204008FA782 /* Tests.swift */; };
		FEB215BC19E8B4BE33E316AE /* Pods_NANJFrameworks_Example.framework in Frameworks */ = {isa = PBXBuildFile; fileRef = A9B2D7769455CF1294011E68 /* Pods_NANJFrameworks_Example.framework */; };
/* End PBXBuildFile section */

/* Begin PBXContainerItemProxy section */
		607FACE61AFB9204008FA782 /* PBXContainerItemProxy */ = {
			isa = PBXContainerItemProxy;
			containerPortal = 607FACC81AFB9204008FA782 /* Project object */;
			proxyType = 1;
			remoteGlobalIDString = 607FACCF1AFB9204008FA782;
			remoteInfo = NANJFrameworks;
		};
/* End PBXContainerItemProxy section */

/* Begin PBXFileReference section */
		0C28EA2820A7EBBB006C6E71 /* TransactionDetailViewController.swift */ = {isa = PBXFileReference; lastKnownFileType = sourcecode.swift; path = TransactionDetailViewController.swift; sourceTree = "<group>"; };
		0C28EA2A20A8A371006C6E71 /* TransactionListCell.swift */ = {isa = PBXFileReference; lastKnownFileType = sourcecode.swift; path = TransactionListCell.swift; sourceTree = "<group>"; };
		0C67B17E208481CF00C2054B /* NANJFrameworks.framework */ = {isa = PBXFileReference; explicitFileType = wrapper.framework; path = NANJFrameworks.framework; sourceTree = BUILT_PRODUCTS_DIR; };
		0CA40423208AC776006D6117 /* WalletListController.swift */ = {isa = PBXFileReference; lastKnownFileType = sourcecode.swift; path = WalletListController.swift; sourceTree = "<group>"; };
		0CA40425208AC916006D6117 /* BaseViewController.swift */ = {isa = PBXFileReference; lastKnownFileType = sourcecode.swift; path = BaseViewController.swift; sourceTree = "<group>"; };
		0CA40428208ACE34006D6117 /* WalletListCell.swift */ = {isa = PBXFileReference; lastKnownFileType = sourcecode.swift; path = WalletListCell.swift; sourceTree = "<group>"; };
		0CA4042A208AFBEE006D6117 /* ImportJSONViewController.swift */ = {isa = PBXFileReference; lastKnownFileType = sourcecode.swift; path = ImportJSONViewController.swift; sourceTree = "<group>"; };
		0CA6398E2090EB5C005A1169 /* NANJFrameworks_Example.entitlements */ = {isa = PBXFileReference; lastKnownFileType = text.plist.entitlements; path = NANJFrameworks_Example.entitlements; sourceTree = "<group>"; };
		0CC22684209EE0BE00B55D55 /* PasswordViewController.swift */ = {isa = PBXFileReference; lastKnownFileType = sourcecode.swift; path = PasswordViewController.swift; sourceTree = "<group>"; };
		0CC22687209EE17100B55D55 /* ArrayExtensions.swift */ = {isa = PBXFileReference; fileEncoding = 4; lastKnownFileType = sourcecode.swift; path = ArrayExtensions.swift; sourceTree = "<group>"; };
		0CC22688209EE17100B55D55 /* CGColorExtensions.swift */ = {isa = PBXFileReference; fileEncoding = 4; lastKnownFileType = sourcecode.swift; path = CGColorExtensions.swift; sourceTree = "<group>"; };
		0CC22689209EE17100B55D55 /* CharacterExtensions.swift */ = {isa = PBXFileReference; fileEncoding = 4; lastKnownFileType = sourcecode.swift; path = CharacterExtensions.swift; sourceTree = "<group>"; };
		0CC2268A209EE17100B55D55 /* DataExtensions.swift */ = {isa = PBXFileReference; fileEncoding = 4; lastKnownFileType = sourcecode.swift; path = DataExtensions.swift; sourceTree = "<group>"; };
		0CC2268B209EE17100B55D55 /* DateExtensions.swift */ = {isa = PBXFileReference; fileEncoding = 4; lastKnownFileType = sourcecode.swift; path = DateExtensions.swift; sourceTree = "<group>"; };
		0CC2268C209EE17100B55D55 /* DictionaryExtensions.swift */ = {isa = PBXFileReference; fileEncoding = 4; lastKnownFileType = sourcecode.swift; path = DictionaryExtensions.swift; sourceTree = "<group>"; };
		0CC2268D209EE17100B55D55 /* FontExtention.swift */ = {isa = PBXFileReference; fileEncoding = 4; lastKnownFileType = sourcecode.swift; path = FontExtention.swift; sourceTree = "<group>"; };
		0CC2268E209EE17100B55D55 /* LocaleExtensions.swift */ = {isa = PBXFileReference; fileEncoding = 4; lastKnownFileType = sourcecode.swift; path = LocaleExtensions.swift; sourceTree = "<group>"; };
		0CC2268F209EE17100B55D55 /* NDETextField.swift */ = {isa = PBXFileReference; fileEncoding = 4; lastKnownFileType = sourcecode.swift; path = NDETextField.swift; sourceTree = "<group>"; };
		0CC22690209EE17100B55D55 /* StringExtensions.swift */ = {isa = PBXFileReference; fileEncoding = 4; lastKnownFileType = sourcecode.swift; path = StringExtensions.swift; sourceTree = "<group>"; };
		0CC22691209EE17100B55D55 /* SwifterSwift.swift */ = {isa = PBXFileReference; fileEncoding = 4; lastKnownFileType = sourcecode.swift; path = SwifterSwift.swift; sourceTree = "<group>"; };
		0CC22692209EE17100B55D55 /* TextViewExtensions.swift */ = {isa = PBXFileReference; fileEncoding = 4; lastKnownFileType = sourcecode.swift; path = TextViewExtensions.swift; sourceTree = "<group>"; };
		0CC22693209EE17100B55D55 /* UIButtonExtensions.swift */ = {isa = PBXFileReference; fileEncoding = 4; lastKnownFileType = sourcecode.swift; path = UIButtonExtensions.swift; sourceTree = "<group>"; };
		0CC22694209EE17100B55D55 /* UICollectionViewExtensions.swift */ = {isa = PBXFileReference; fileEncoding = 4; lastKnownFileType = sourcecode.swift; path = UICollectionViewExtensions.swift; sourceTree = "<group>"; };
		0CC22695209EE17100B55D55 /* UIColorExtensions.swift */ = {isa = PBXFileReference; fileEncoding = 4; lastKnownFileType = sourcecode.swift; path = UIColorExtensions.swift; sourceTree = "<group>"; };
		0CC22696209EE17100B55D55 /* UIImageExtensions.swift */ = {isa = PBXFileReference; fileEncoding = 4; lastKnownFileType = sourcecode.swift; path = UIImageExtensions.swift; sourceTree = "<group>"; };
		0CC22697209EE17100B55D55 /* UIImageViewExtensions.swift */ = {isa = PBXFileReference; fileEncoding = 4; lastKnownFileType = sourcecode.swift; path = UIImageViewExtensions.swift; sourceTree = "<group>"; };
		0CC22698209EE17100B55D55 /* UIViewControllerExtensions.swift */ = {isa = PBXFileReference; fileEncoding = 4; lastKnownFileType = sourcecode.swift; path = UIViewControllerExtensions.swift; sourceTree = "<group>"; };
		0CC22699209EE17100B55D55 /* UIViewExtensions.swift */ = {isa = PBXFileReference; fileEncoding = 4; lastKnownFileType = sourcecode.swift; path = UIViewExtensions.swift; sourceTree = "<group>"; };
		0CC226AD209EF71500B55D55 /* TransactionViewController.swift */ = {isa = PBXFileReference; lastKnownFileType = sourcecode.swift; path = TransactionViewController.swift; sourceTree = "<group>"; };
		0CC226AF209EF72C00B55D55 /* WalletViewController.swift */ = {isa = PBXFileReference; lastKnownFileType = sourcecode.swift; path = WalletViewController.swift; sourceTree = "<group>"; };
		0CC226B1209F02C400B55D55 /* SendNANJViewController.swift */ = {isa = PBXFileReference; lastKnownFileType = sourcecode.swift; path = SendNANJViewController.swift; sourceTree = "<group>"; };
		1D4ACF835D95F6A8DF85FE46 /* Pods-NANJFrameworks_Example.release.xcconfig */ = {isa = PBXFileReference; includeInIndex = 1; lastKnownFileType = text.xcconfig; name = "Pods-NANJFrameworks_Example.release.xcconfig"; path = "Pods/Target Support Files/Pods-NANJFrameworks_Example/Pods-NANJFrameworks_Example.release.xcconfig"; sourceTree = "<group>"; };
		23FC84B71C195CAD2A673DB0 /* Pods-NANJFrameworks_Tests.release.xcconfig */ = {isa = PBXFileReference; includeInIndex = 1; lastKnownFileType = text.xcconfig; name = "Pods-NANJFrameworks_Tests.release.xcconfig"; path = "Pods/Target Support Files/Pods-NANJFrameworks_Tests/Pods-NANJFrameworks_Tests.release.xcconfig"; sourceTree = "<group>"; };
		37B1B5E184A589D562BFE5E0 /* Pods-NANJFrameworks_Example.debug.xcconfig */ = {isa = PBXFileReference; includeInIndex = 1; lastKnownFileType = text.xcconfig; name = "Pods-NANJFrameworks_Example.debug.xcconfig"; path = "Pods/Target Support Files/Pods-NANJFrameworks_Example/Pods-NANJFrameworks_Example.debug.xcconfig"; sourceTree = "<group>"; };
		3D99A24C25487F4CB13D443C /* NANJFrameworks.podspec */ = {isa = PBXFileReference; includeInIndex = 1; lastKnownFileType = text; name = NANJFrameworks.podspec; path = ../NANJFrameworks.podspec; sourceTree = "<group>"; };
		607FACD01AFB9204008FA782 /* NANJFrameworks_Example.app */ = {isa = PBXFileReference; explicitFileType = wrapper.application; includeInIndex = 0; path = NANJFrameworks_Example.app; sourceTree = BUILT_PRODUCTS_DIR; };
		607FACD41AFB9204008FA782 /* Info.plist */ = {isa = PBXFileReference; lastKnownFileType = text.plist.xml; path = Info.plist; sourceTree = "<group>"; };
		607FACD51AFB9204008FA782 /* AppDelegate.swift */ = {isa = PBXFileReference; lastKnownFileType = sourcecode.swift; path = AppDelegate.swift; sourceTree = "<group>"; };
		607FACDA1AFB9204008FA782 /* Base */ = {isa = PBXFileReference; lastKnownFileType = file.storyboard; name = Base; path = Base.lproj/Main.storyboard; sourceTree = "<group>"; };
		607FACDC1AFB9204008FA782 /* Images.xcassets */ = {isa = PBXFileReference; lastKnownFileType = folder.assetcatalog; path = Images.xcassets; sourceTree = "<group>"; };
		607FACDF1AFB9204008FA782 /* Base */ = {isa = PBXFileReference; lastKnownFileType = file.xib; name = Base; path = Base.lproj/LaunchScreen.xib; sourceTree = "<group>"; };
		607FACE51AFB9204008FA782 /* NANJFrameworks_Tests.xctest */ = {isa = PBXFileReference; explicitFileType = wrapper.cfbundle; includeInIndex = 0; path = NANJFrameworks_Tests.xctest; sourceTree = BUILT_PRODUCTS_DIR; };
		607FACEA1AFB9204008FA782 /* Info.plist */ = {isa = PBXFileReference; lastKnownFileType = text.plist.xml; path = Info.plist; sourceTree = "<group>"; };
		607FACEB1AFB9204008FA782 /* Tests.swift */ = {isa = PBXFileReference; lastKnownFileType = sourcecode.swift; path = Tests.swift; sourceTree = "<group>"; };
		817CEDEB117173B292B63120 /* Pods_NANJFrameworks_Tests.framework */ = {isa = PBXFileReference; explicitFileType = wrapper.framework; includeInIndex = 0; path = Pods_NANJFrameworks_Tests.framework; sourceTree = BUILT_PRODUCTS_DIR; };
		9CD8ED668C35C022F7BC9762 /* LICENSE */ = {isa = PBXFileReference; includeInIndex = 1; lastKnownFileType = text; name = LICENSE; path = ../LICENSE; sourceTree = "<group>"; };
		A3A27FDA4954D719DA5DBFBC /* Pods-NANJFrameworks_Tests.debug.xcconfig */ = {isa = PBXFileReference; includeInIndex = 1; lastKnownFileType = text.xcconfig; name = "Pods-NANJFrameworks_Tests.debug.xcconfig"; path = "Pods/Target Support Files/Pods-NANJFrameworks_Tests/Pods-NANJFrameworks_Tests.debug.xcconfig"; sourceTree = "<group>"; };
		A9B2D7769455CF1294011E68 /* Pods_NANJFrameworks_Example.framework */ = {isa = PBXFileReference; explicitFileType = wrapper.framework; includeInIndex = 0; path = Pods_NANJFrameworks_Example.framework; sourceTree = BUILT_PRODUCTS_DIR; };
		C559434396E8AF0DB104F454 /* README.md */ = {isa = PBXFileReference; includeInIndex = 1; lastKnownFileType = net.daringfireball.markdown; name = README.md; path = ../README.md; sourceTree = "<group>"; };
/* End PBXFileReference section */

/* Begin PBXFrameworksBuildPhase section */
		607FACCD1AFB9204008FA782 /* Frameworks */ = {
			isa = PBXFrameworksBuildPhase;
			buildActionMask = 2147483647;
			files = (
				FEB215BC19E8B4BE33E316AE /* Pods_NANJFrameworks_Example.framework in Frameworks */,
			);
			runOnlyForDeploymentPostprocessing = 0;
		};
		607FACE21AFB9204008FA782 /* Frameworks */ = {
			isa = PBXFrameworksBuildPhase;
			buildActionMask = 2147483647;
			files = (
				36BD4843AFB7A663DF078BF0 /* Pods_NANJFrameworks_Tests.framework in Frameworks */,
			);
			runOnlyForDeploymentPostprocessing = 0;
		};
/* End PBXFrameworksBuildPhase section */

/* Begin PBXGroup section */
		0CA40427208ACE14006D6117 /* View */ = {
			isa = PBXGroup;
			children = (
				0CA40428208ACE34006D6117 /* WalletListCell.swift */,
				0C28EA2A20A8A371006C6E71 /* TransactionListCell.swift */,
			);
			name = View;
			sourceTree = "<group>";
		};
		0CC22686209EE17100B55D55 /* Extentions */ = {
			isa = PBXGroup;
			children = (
				0CC22687209EE17100B55D55 /* ArrayExtensions.swift */,
				0CC22688209EE17100B55D55 /* CGColorExtensions.swift */,
				0CC22689209EE17100B55D55 /* CharacterExtensions.swift */,
				0CC2268A209EE17100B55D55 /* DataExtensions.swift */,
				0CC2268B209EE17100B55D55 /* DateExtensions.swift */,
				0CC2268C209EE17100B55D55 /* DictionaryExtensions.swift */,
				0CC2268D209EE17100B55D55 /* FontExtention.swift */,
				0CC2268E209EE17100B55D55 /* LocaleExtensions.swift */,
				0CC2268F209EE17100B55D55 /* NDETextField.swift */,
				0CC22690209EE17100B55D55 /* StringExtensions.swift */,
				0CC22691209EE17100B55D55 /* SwifterSwift.swift */,
				0CC22692209EE17100B55D55 /* TextViewExtensions.swift */,
				0CC22693209EE17100B55D55 /* UIButtonExtensions.swift */,
				0CC22694209EE17100B55D55 /* UICollectionViewExtensions.swift */,
				0CC22695209EE17100B55D55 /* UIColorExtensions.swift */,
				0CC22696209EE17100B55D55 /* UIImageExtensions.swift */,
				0CC22697209EE17100B55D55 /* UIImageViewExtensions.swift */,
				0CC22698209EE17100B55D55 /* UIViewControllerExtensions.swift */,
				0CC22699209EE17100B55D55 /* UIViewExtensions.swift */,
			);
			path = Extentions;
			sourceTree = "<group>";
		};
		607FACC71AFB9204008FA782 = {
			isa = PBXGroup;
			children = (
				0CA6398E2090EB5C005A1169 /* NANJFrameworks_Example.entitlements */,
				607FACF51AFB993E008FA782 /* Podspec Metadata */,
				607FACD21AFB9204008FA782 /* Example for NANJFrameworks */,
				607FACE81AFB9204008FA782 /* Tests */,
				607FACD11AFB9204008FA782 /* Products */,
				DCC705BCE3F7654B3757A511 /* Pods */,
				FF39B494CB79090C40D3C209 /* Frameworks */,
			);
			sourceTree = "<group>";
		};
		607FACD11AFB9204008FA782 /* Products */ = {
			isa = PBXGroup;
			children = (
				607FACD01AFB9204008FA782 /* NANJFrameworks_Example.app */,
				607FACE51AFB9204008FA782 /* NANJFrameworks_Tests.xctest */,
			);
			name = Products;
			sourceTree = "<group>";
		};
		607FACD21AFB9204008FA782 /* Example for NANJFrameworks */ = {
			isa = PBXGroup;
			children = (
				0CC22686209EE17100B55D55 /* Extentions */,
				0CA40427208ACE14006D6117 /* View */,
				607FACD51AFB9204008FA782 /* AppDelegate.swift */,
				0CA40425208AC916006D6117 /* BaseViewController.swift */,
				0CC226AF209EF72C00B55D55 /* WalletViewController.swift */,
				0CC226AD209EF71500B55D55 /* TransactionViewController.swift */,
				0C28EA2820A7EBBB006C6E71 /* TransactionDetailViewController.swift */,
				0CA40423208AC776006D6117 /* WalletListController.swift */,
				0CC226B1209F02C400B55D55 /* SendNANJViewController.swift */,
				0CA4042A208AFBEE006D6117 /* ImportJSONViewController.swift */,
				0CC22684209EE0BE00B55D55 /* PasswordViewController.swift */,
				607FACD91AFB9204008FA782 /* Main.storyboard */,
				607FACDC1AFB9204008FA782 /* Images.xcassets */,
				607FACDE1AFB9204008FA782 /* LaunchScreen.xib */,
				607FACD31AFB9204008FA782 /* Supporting Files */,
			);
			name = "Example for NANJFrameworks";
			path = NANJFrameworks;
			sourceTree = "<group>";
		};
		607FACD31AFB9204008FA782 /* Supporting Files */ = {
			isa = PBXGroup;
			children = (
				607FACD41AFB9204008FA782 /* Info.plist */,
			);
			name = "Supporting Files";
			sourceTree = "<group>";
		};
		607FACE81AFB9204008FA782 /* Tests */ = {
			isa = PBXGroup;
			children = (
				607FACEB1AFB9204008FA782 /* Tests.swift */,
				607FACE91AFB9204008FA782 /* Supporting Files */,
			);
			path = Tests;
			sourceTree = "<group>";
		};
		607FACE91AFB9204008FA782 /* Supporting Files */ = {
			isa = PBXGroup;
			children = (
				607FACEA1AFB9204008FA782 /* Info.plist */,
			);
			name = "Supporting Files";
			sourceTree = "<group>";
		};
		607FACF51AFB993E008FA782 /* Podspec Metadata */ = {
			isa = PBXGroup;
			children = (
				3D99A24C25487F4CB13D443C /* NANJFrameworks.podspec */,
				C559434396E8AF0DB104F454 /* README.md */,
				9CD8ED668C35C022F7BC9762 /* LICENSE */,
			);
			name = "Podspec Metadata";
			sourceTree = "<group>";
		};
		DCC705BCE3F7654B3757A511 /* Pods */ = {
			isa = PBXGroup;
			children = (
				37B1B5E184A589D562BFE5E0 /* Pods-NANJFrameworks_Example.debug.xcconfig */,
				1D4ACF835D95F6A8DF85FE46 /* Pods-NANJFrameworks_Example.release.xcconfig */,
				A3A27FDA4954D719DA5DBFBC /* Pods-NANJFrameworks_Tests.debug.xcconfig */,
				23FC84B71C195CAD2A673DB0 /* Pods-NANJFrameworks_Tests.release.xcconfig */,
			);
			name = Pods;
			sourceTree = "<group>";
		};
		FF39B494CB79090C40D3C209 /* Frameworks */ = {
			isa = PBXGroup;
			children = (
				0C67B17E208481CF00C2054B /* NANJFrameworks.framework */,
				A9B2D7769455CF1294011E68 /* Pods_NANJFrameworks_Example.framework */,
				817CEDEB117173B292B63120 /* Pods_NANJFrameworks_Tests.framework */,
			);
			name = Frameworks;
			sourceTree = "<group>";
		};
/* End PBXGroup section */

/* Begin PBXNativeTarget section */
		607FACCF1AFB9204008FA782 /* NANJFrameworks_Example */ = {
			isa = PBXNativeTarget;
			buildConfigurationList = 607FACEF1AFB9204008FA782 /* Build configuration list for PBXNativeTarget "NANJFrameworks_Example" */;
			buildPhases = (
				B55B56FC5424681560120DD7 /* [CP] Check Pods Manifest.lock */,
				607FACCC1AFB9204008FA782 /* Sources */,
				607FACCD1AFB9204008FA782 /* Frameworks */,
				607FACCE1AFB9204008FA782 /* Resources */,
				B5F5A9D9F4A3B97C736AF505 /* [CP] Embed Pods Frameworks */,
				6A7242193C633BE503951963 /* [CP] Copy Pods Resources */,
			);
			buildRules = (
			);
			dependencies = (
			);
			name = NANJFrameworks_Example;
			productName = NANJFrameworks;
			productReference = 607FACD01AFB9204008FA782 /* NANJFrameworks_Example.app */;
			productType = "com.apple.product-type.application";
		};
		607FACE41AFB9204008FA782 /* NANJFrameworks_Tests */ = {
			isa = PBXNativeTarget;
			buildConfigurationList = 607FACF21AFB9204008FA782 /* Build configuration list for PBXNativeTarget "NANJFrameworks_Tests" */;
			buildPhases = (
				4FDA1A5092D0572C4CE32701 /* [CP] Check Pods Manifest.lock */,
				607FACE11AFB9204008FA782 /* Sources */,
				607FACE21AFB9204008FA782 /* Frameworks */,
				607FACE31AFB9204008FA782 /* Resources */,
				0A4F65F85781202203AAD642 /* [CP] Embed Pods Frameworks */,
				1D0CB471026AE2981173DF1B /* [CP] Copy Pods Resources */,
			);
			buildRules = (
			);
			dependencies = (
				607FACE71AFB9204008FA782 /* PBXTargetDependency */,
			);
			name = NANJFrameworks_Tests;
			productName = Tests;
			productReference = 607FACE51AFB9204008FA782 /* NANJFrameworks_Tests.xctest */;
			productType = "com.apple.product-type.bundle.unit-test";
		};
/* End PBXNativeTarget section */

/* Begin PBXProject section */
		607FACC81AFB9204008FA782 /* Project object */ = {
			isa = PBXProject;
			attributes = {
				LastSwiftUpdateCheck = 0830;
				LastUpgradeCheck = 0830;
				ORGANIZATIONNAME = NANJ;
				TargetAttributes = {
					607FACCF1AFB9204008FA782 = {
						CreatedOnToolsVersion = 6.3.1;
						DevelopmentTeam = TQXT24NXN6;
						LastSwiftMigration = 0900;
						ProvisioningStyle = Manual;
						SystemCapabilities = {
							com.apple.NearFieldCommunicationTagReading = {
								enabled = 1;
							};
						};
					};
					607FACE41AFB9204008FA782 = {
						CreatedOnToolsVersion = 6.3.1;
						LastSwiftMigration = 0900;
						TestTargetID = 607FACCF1AFB9204008FA782;
					};
				};
			};
			buildConfigurationList = 607FACCB1AFB9204008FA782 /* Build configuration list for PBXProject "NANJFrameworks" */;
			compatibilityVersion = "Xcode 3.2";
			developmentRegion = English;
			hasScannedForEncodings = 0;
			knownRegions = (
				en,
				Base,
			);
			mainGroup = 607FACC71AFB9204008FA782;
			productRefGroup = 607FACD11AFB9204008FA782 /* Products */;
			projectDirPath = "";
			projectRoot = "";
			targets = (
				607FACCF1AFB9204008FA782 /* NANJFrameworks_Example */,
				607FACE41AFB9204008FA782 /* NANJFrameworks_Tests */,
			);
		};
/* End PBXProject section */

/* Begin PBXResourcesBuildPhase section */
		607FACCE1AFB9204008FA782 /* Resources */ = {
			isa = PBXResourcesBuildPhase;
			buildActionMask = 2147483647;
			files = (
				607FACDB1AFB9204008FA782 /* Main.storyboard in Resources */,
				607FACE01AFB9204008FA782 /* LaunchScreen.xib in Resources */,
				607FACDD1AFB9204008FA782 /* Images.xcassets in Resources */,
			);
			runOnlyForDeploymentPostprocessing = 0;
		};
		607FACE31AFB9204008FA782 /* Resources */ = {
			isa = PBXResourcesBuildPhase;
			buildActionMask = 2147483647;
			files = (
			);
			runOnlyForDeploymentPostprocessing = 0;
		};
/* End PBXResourcesBuildPhase section */

/* Begin PBXShellScriptBuildPhase section */
		0A4F65F85781202203AAD642 /* [CP] Embed Pods Frameworks */ = {
			isa = PBXShellScriptBuildPhase;
			buildActionMask = 2147483647;
			files = (
			);
			inputPaths = (
				"${SRCROOT}/Pods/Target Support Files/Pods-NANJFrameworks_Tests/Pods-NANJFrameworks_Tests-frameworks.sh",
				"${BUILT_PRODUCTS_DIR}/FBSnapshotTestCase/FBSnapshotTestCase.framework",
				"${BUILT_PRODUCTS_DIR}/Nimble/Nimble.framework",
				"${BUILT_PRODUCTS_DIR}/Nimble-Snapshots/Nimble_Snapshots.framework",
				"${BUILT_PRODUCTS_DIR}/Quick/Quick.framework",
			);
			name = "[CP] Embed Pods Frameworks";
			outputPaths = (
				"${TARGET_BUILD_DIR}/${FRAMEWORKS_FOLDER_PATH}/FBSnapshotTestCase.framework",
				"${TARGET_BUILD_DIR}/${FRAMEWORKS_FOLDER_PATH}/Nimble.framework",
				"${TARGET_BUILD_DIR}/${FRAMEWORKS_FOLDER_PATH}/Nimble_Snapshots.framework",
				"${TARGET_BUILD_DIR}/${FRAMEWORKS_FOLDER_PATH}/Quick.framework",
			);
			runOnlyForDeploymentPostprocessing = 0;
			shellPath = /bin/sh;
			shellScript = "\"${SRCROOT}/Pods/Target Support Files/Pods-NANJFrameworks_Tests/Pods-NANJFrameworks_Tests-frameworks.sh\"\n";
			showEnvVarsInLog = 0;
		};
		1D0CB471026AE2981173DF1B /* [CP] Copy Pods Resources */ = {
			isa = PBXShellScriptBuildPhase;
			buildActionMask = 2147483647;
			files = (
			);
			inputPaths = (
			);
			name = "[CP] Copy Pods Resources";
			outputPaths = (
			);
			runOnlyForDeploymentPostprocessing = 0;
			shellPath = /bin/sh;
			shellScript = "\"${SRCROOT}/Pods/Target Support Files/Pods-NANJFrameworks_Tests/Pods-NANJFrameworks_Tests-resources.sh\"\n";
			showEnvVarsInLog = 0;
		};
		4FDA1A5092D0572C4CE32701 /* [CP] Check Pods Manifest.lock */ = {
			isa = PBXShellScriptBuildPhase;
			buildActionMask = 2147483647;
			files = (
			);
			inputPaths = (
				"${PODS_PODFILE_DIR_PATH}/Podfile.lock",
				"${PODS_ROOT}/Manifest.lock",
			);
			name = "[CP] Check Pods Manifest.lock";
			outputPaths = (
				"$(DERIVED_FILE_DIR)/Pods-NANJFrameworks_Tests-checkManifestLockResult.txt",
			);
			runOnlyForDeploymentPostprocessing = 0;
			shellPath = /bin/sh;
			shellScript = "diff \"${PODS_PODFILE_DIR_PATH}/Podfile.lock\" \"${PODS_ROOT}/Manifest.lock\" > /dev/null\nif [ $? != 0 ] ; then\n    # print error to STDERR\n    echo \"error: The sandbox is not in sync with the Podfile.lock. Run 'pod install' or update your CocoaPods installation.\" >&2\n    exit 1\nfi\n# This output is used by Xcode 'outputs' to avoid re-running this script phase.\necho \"SUCCESS\" > \"${SCRIPT_OUTPUT_FILE_0}\"\n";
			showEnvVarsInLog = 0;
		};
		6A7242193C633BE503951963 /* [CP] Copy Pods Resources */ = {
			isa = PBXShellScriptBuildPhase;
			buildActionMask = 2147483647;
			files = (
			);
			inputPaths = (
			);
			name = "[CP] Copy Pods Resources";
			outputPaths = (
			);
			runOnlyForDeploymentPostprocessing = 0;
			shellPath = /bin/sh;
			shellScript = "\"${SRCROOT}/Pods/Target Support Files/Pods-NANJFrameworks_Example/Pods-NANJFrameworks_Example-resources.sh\"\n";
			showEnvVarsInLog = 0;
		};
		B55B56FC5424681560120DD7 /* [CP] Check Pods Manifest.lock */ = {
			isa = PBXShellScriptBuildPhase;
			buildActionMask = 2147483647;
			files = (
			);
			inputPaths = (
				"${PODS_PODFILE_DIR_PATH}/Podfile.lock",
				"${PODS_ROOT}/Manifest.lock",
			);
			name = "[CP] Check Pods Manifest.lock";
			outputPaths = (
				"$(DERIVED_FILE_DIR)/Pods-NANJFrameworks_Example-checkManifestLockResult.txt",
			);
			runOnlyForDeploymentPostprocessing = 0;
			shellPath = /bin/sh;
			shellScript = "diff \"${PODS_PODFILE_DIR_PATH}/Podfile.lock\" \"${PODS_ROOT}/Manifest.lock\" > /dev/null\nif [ $? != 0 ] ; then\n    # print error to STDERR\n    echo \"error: The sandbox is not in sync with the Podfile.lock. Run 'pod install' or update your CocoaPods installation.\" >&2\n    exit 1\nfi\n# This output is used by Xcode 'outputs' to avoid re-running this script phase.\necho \"SUCCESS\" > \"${SCRIPT_OUTPUT_FILE_0}\"\n";
			showEnvVarsInLog = 0;
		};
		B5F5A9D9F4A3B97C736AF505 /* [CP] Embed Pods Frameworks */ = {
			isa = PBXShellScriptBuildPhase;
			buildActionMask = 2147483647;
			files = (
			);
			inputPaths = (
				"${SRCROOT}/Pods/Target Support Files/Pods-NANJFrameworks_Example/Pods-NANJFrameworks_Example-frameworks.sh",
				"${BUILT_PRODUCTS_DIR}/APIKit/APIKit.framework",
				"${BUILT_PRODUCTS_DIR}/BigInt/BigInt.framework",
				"${BUILT_PRODUCTS_DIR}/CryptoSwift/CryptoSwift.framework",
				"${BUILT_PRODUCTS_DIR}/JSONRPCKit/JSONRPCKit.framework",
				"${BUILT_PRODUCTS_DIR}/KeychainSwift/KeychainSwift.framework",
				"${BUILT_PRODUCTS_DIR}/MBProgressHUD/MBProgressHUD.framework",
				"${BUILT_PRODUCTS_DIR}/NANJFrameworks/NANJFrameworks.framework",
				"${BUILT_PRODUCTS_DIR}/Result/Result.framework",
				"${BUILT_PRODUCTS_DIR}/SDWebImage/SDWebImage.framework",
				"${BUILT_PRODUCTS_DIR}/SipHash/SipHash.framework",
				"${BUILT_PRODUCTS_DIR}/TrezorCrypto/TrezorCrypto.framework",
				"${BUILT_PRODUCTS_DIR}/TrustCore/TrustCore.framework",
				"${BUILT_PRODUCTS_DIR}/TrustKeystore/TrustKeystore.framework",
			);
			name = "[CP] Embed Pods Frameworks";
			outputPaths = (
				"${TARGET_BUILD_DIR}/${FRAMEWORKS_FOLDER_PATH}/APIKit.framework",
				"${TARGET_BUILD_DIR}/${FRAMEWORKS_FOLDER_PATH}/BigInt.framework",
				"${TARGET_BUILD_DIR}/${FRAMEWORKS_FOLDER_PATH}/CryptoSwift.framework",
				"${TARGET_BUILD_DIR}/${FRAMEWORKS_FOLDER_PATH}/JSONRPCKit.framework",
				"${TARGET_BUILD_DIR}/${FRAMEWORKS_FOLDER_PATH}/KeychainSwift.framework",
				"${TARGET_BUILD_DIR}/${FRAMEWORKS_FOLDER_PATH}/MBProgressHUD.framework",
				"${TARGET_BUILD_DIR}/${FRAMEWORKS_FOLDER_PATH}/NANJFrameworks.framework",
				"${TARGET_BUILD_DIR}/${FRAMEWORKS_FOLDER_PATH}/Result.framework",
				"${TARGET_BUILD_DIR}/${FRAMEWORKS_FOLDER_PATH}/SDWebImage.framework",
				"${TARGET_BUILD_DIR}/${FRAMEWORKS_FOLDER_PATH}/SipHash.framework",
				"${TARGET_BUILD_DIR}/${FRAMEWORKS_FOLDER_PATH}/TrezorCrypto.framework",
				"${TARGET_BUILD_DIR}/${FRAMEWORKS_FOLDER_PATH}/TrustCore.framework",
				"${TARGET_BUILD_DIR}/${FRAMEWORKS_FOLDER_PATH}/TrustKeystore.framework",
			);
			runOnlyForDeploymentPostprocessing = 0;
			shellPath = /bin/sh;
			shellScript = "\"${SRCROOT}/Pods/Target Support Files/Pods-NANJFrameworks_Example/Pods-NANJFrameworks_Example-frameworks.sh\"\n";
			showEnvVarsInLog = 0;
		};
/* End PBXShellScriptBuildPhase section */

/* Begin PBXSourcesBuildPhase section */
		607FACCC1AFB9204008FA782 /* Sources */ = {
			isa = PBXSourcesBuildPhase;
			buildActionMask = 2147483647;
			files = (
				0CC2269D209EE17100B55D55 /* DataExtensions.swift in Sources */,
				0CC2269F209EE17100B55D55 /* DictionaryExtensions.swift in Sources */,
				0CC2269C209EE17100B55D55 /* CharacterExtensions.swift in Sources */,
				0CC226AE209EF71500B55D55 /* TransactionViewController.swift in Sources */,
				0CC226A4209EE17100B55D55 /* SwifterSwift.swift in Sources */,
				0CC226A6209EE17100B55D55 /* UIButtonExtensions.swift in Sources */,
				0CA40429208ACE34006D6117 /* WalletListCell.swift in Sources */,
				0CC226A9209EE17100B55D55 /* UIImageExtensions.swift in Sources */,
				0CC226B0209EF72C00B55D55 /* WalletViewController.swift in Sources */,
				0CA40426208AC916006D6117 /* BaseViewController.swift in Sources */,
				0CC226A1209EE17100B55D55 /* LocaleExtensions.swift in Sources */,
				0CC226AA209EE17100B55D55 /* UIImageViewExtensions.swift in Sources */,
				0CC2269E209EE17100B55D55 /* DateExtensions.swift in Sources */,
				0CC226A7209EE17100B55D55 /* UICollectionViewExtensions.swift in Sources */,
				0CA4042B208AFBEE006D6117 /* ImportJSONViewController.swift in Sources */,
				0CC226A5209EE17100B55D55 /* TextViewExtensions.swift in Sources */,
				0C28EA2B20A8A371006C6E71 /* TransactionListCell.swift in Sources */,
				0CC2269B209EE17100B55D55 /* CGColorExtensions.swift in Sources */,
				0C28EA2920A7EBBB006C6E71 /* TransactionDetailViewController.swift in Sources */,
				0CC226AC209EE17100B55D55 /* UIViewExtensions.swift in Sources */,
				0CC226A0209EE17100B55D55 /* FontExtention.swift in Sources */,
				0CC226AB209EE17100B55D55 /* UIViewControllerExtensions.swift in Sources */,
				0CC226B2209F02C400B55D55 /* SendNANJViewController.swift in Sources */,
				0CA40424208AC776006D6117 /* WalletListController.swift in Sources */,
				0CC22685209EE0BE00B55D55 /* PasswordViewController.swift in Sources */,
				0CC226A8209EE17100B55D55 /* UIColorExtensions.swift in Sources */,
				0CC226A2209EE17100B55D55 /* NDETextField.swift in Sources */,
				607FACD61AFB9204008FA782 /* AppDelegate.swift in Sources */,
				0CC2269A209EE17100B55D55 /* ArrayExtensions.swift in Sources */,
				0CC226A3209EE17100B55D55 /* StringExtensions.swift in Sources */,
			);
			runOnlyForDeploymentPostprocessing = 0;
		};
		607FACE11AFB9204008FA782 /* Sources */ = {
			isa = PBXSourcesBuildPhase;
			buildActionMask = 2147483647;
			files = (
				607FACEC1AFB9204008FA782 /* Tests.swift in Sources */,
			);
			runOnlyForDeploymentPostprocessing = 0;
		};
/* End PBXSourcesBuildPhase section */

/* Begin PBXTargetDependency section */
		607FACE71AFB9204008FA782 /* PBXTargetDependency */ = {
			isa = PBXTargetDependency;
			target = 607FACCF1AFB9204008FA782 /* NANJFrameworks_Example */;
			targetProxy = 607FACE61AFB9204008FA782 /* PBXContainerItemProxy */;
		};
/* End PBXTargetDependency section */

/* Begin PBXVariantGroup section */
		607FACD91AFB9204008FA782 /* Main.storyboard */ = {
			isa = PBXVariantGroup;
			children = (
				607FACDA1AFB9204008FA782 /* Base */,
			);
			name = Main.storyboard;
			sourceTree = "<group>";
		};
		607FACDE1AFB9204008FA782 /* LaunchScreen.xib */ = {
			isa = PBXVariantGroup;
			children = (
				607FACDF1AFB9204008FA782 /* Base */,
			);
			name = LaunchScreen.xib;
			sourceTree = "<group>";
		};
/* End PBXVariantGroup section */

/* Begin XCBuildConfiguration section */
		607FACED1AFB9204008FA782 /* Debug */ = {
			isa = XCBuildConfiguration;
			buildSettings = {
				ALWAYS_SEARCH_USER_PATHS = NO;
				CLANG_CXX_LANGUAGE_STANDARD = "gnu++0x";
				CLANG_CXX_LIBRARY = "libc++";
				CLANG_ENABLE_MODULES = YES;
				CLANG_ENABLE_OBJC_ARC = YES;
				CLANG_WARN_BLOCK_CAPTURE_AUTORELEASING = YES;
				CLANG_WARN_BOOL_CONVERSION = YES;
				CLANG_WARN_COMMA = YES;
				CLANG_WARN_CONSTANT_CONVERSION = YES;
				CLANG_WARN_DIRECT_OBJC_ISA_USAGE = YES_ERROR;
				CLANG_WARN_EMPTY_BODY = YES;
				CLANG_WARN_ENUM_CONVERSION = YES;
				CLANG_WARN_INFINITE_RECURSION = YES;
				CLANG_WARN_INT_CONVERSION = YES;
				CLANG_WARN_NON_LITERAL_NULL_CONVERSION = YES;
				CLANG_WARN_OBJC_LITERAL_CONVERSION = YES;
				CLANG_WARN_OBJC_ROOT_CLASS = YES_ERROR;
				CLANG_WARN_RANGE_LOOP_ANALYSIS = YES;
				CLANG_WARN_STRICT_PROTOTYPES = YES;
				CLANG_WARN_SUSPICIOUS_MOVE = YES;
				CLANG_WARN_UNREACHABLE_CODE = YES;
				CLANG_WARN__DUPLICATE_METHOD_MATCH = YES;
				"CODE_SIGN_IDENTITY[sdk=iphoneos*]" = "iPhone Developer";
				COPY_PHASE_STRIP = NO;
				DEBUG_INFORMATION_FORMAT = "dwarf-with-dsym";
				ENABLE_STRICT_OBJC_MSGSEND = YES;
				ENABLE_TESTABILITY = YES;
				GCC_C_LANGUAGE_STANDARD = gnu99;
				GCC_DYNAMIC_NO_PIC = NO;
				GCC_NO_COMMON_BLOCKS = YES;
				GCC_OPTIMIZATION_LEVEL = 0;
				GCC_PREPROCESSOR_DEFINITIONS = (
					"DEBUG=1",
					"$(inherited)",
				);
				GCC_SYMBOLS_PRIVATE_EXTERN = NO;
				GCC_WARN_64_TO_32_BIT_CONVERSION = YES;
				GCC_WARN_ABOUT_RETURN_TYPE = YES_ERROR;
				GCC_WARN_UNDECLARED_SELECTOR = YES;
				GCC_WARN_UNINITIALIZED_AUTOS = YES_AGGRESSIVE;
				GCC_WARN_UNUSED_FUNCTION = YES;
				GCC_WARN_UNUSED_VARIABLE = YES;
				IPHONEOS_DEPLOYMENT_TARGET = 9.3;
				MTL_ENABLE_DEBUG_INFO = YES;
				ONLY_ACTIVE_ARCH = YES;
				SDKROOT = iphoneos;
				SWIFT_OPTIMIZATION_LEVEL = "-Onone";
			};
			name = Debug;
		};
		607FACEE1AFB9204008FA782 /* Release */ = {
			isa = XCBuildConfiguration;
			buildSettings = {
				ALWAYS_SEARCH_USER_PATHS = NO;
				CLANG_CXX_LANGUAGE_STANDARD = "gnu++0x";
				CLANG_CXX_LIBRARY = "libc++";
				CLANG_ENABLE_MODULES = YES;
				CLANG_ENABLE_OBJC_ARC = YES;
				CLANG_WARN_BLOCK_CAPTURE_AUTORELEASING = YES;
				CLANG_WARN_BOOL_CONVERSION = YES;
				CLANG_WARN_COMMA = YES;
				CLANG_WARN_CONSTANT_CONVERSION = YES;
				CLANG_WARN_DIRECT_OBJC_ISA_USAGE = YES_ERROR;
				CLANG_WARN_EMPTY_BODY = YES;
				CLANG_WARN_ENUM_CONVERSION = YES;
				CLANG_WARN_INFINITE_RECURSION = YES;
				CLANG_WARN_INT_CONVERSION = YES;
				CLANG_WARN_NON_LITERAL_NULL_CONVERSION = YES;
				CLANG_WARN_OBJC_LITERAL_CONVERSION = YES;
				CLANG_WARN_OBJC_ROOT_CLASS = YES_ERROR;
				CLANG_WARN_RANGE_LOOP_ANALYSIS = YES;
				CLANG_WARN_STRICT_PROTOTYPES = YES;
				CLANG_WARN_SUSPICIOUS_MOVE = YES;
				CLANG_WARN_UNREACHABLE_CODE = YES;
				CLANG_WARN__DUPLICATE_METHOD_MATCH = YES;
				"CODE_SIGN_IDENTITY[sdk=iphoneos*]" = "iPhone Developer";
				COPY_PHASE_STRIP = NO;
				DEBUG_INFORMATION_FORMAT = "dwarf-with-dsym";
				ENABLE_NS_ASSERTIONS = NO;
				ENABLE_STRICT_OBJC_MSGSEND = YES;
				GCC_C_LANGUAGE_STANDARD = gnu99;
				GCC_NO_COMMON_BLOCKS = YES;
				GCC_WARN_64_TO_32_BIT_CONVERSION = YES;
				GCC_WARN_ABOUT_RETURN_TYPE = YES_ERROR;
				GCC_WARN_UNDECLARED_SELECTOR = YES;
				GCC_WARN_UNINITIALIZED_AUTOS = YES_AGGRESSIVE;
				GCC_WARN_UNUSED_FUNCTION = YES;
				GCC_WARN_UNUSED_VARIABLE = YES;
				IPHONEOS_DEPLOYMENT_TARGET = 9.3;
				MTL_ENABLE_DEBUG_INFO = NO;
				SDKROOT = iphoneos;
				SWIFT_OPTIMIZATION_LEVEL = "-Owholemodule";
				VALIDATE_PRODUCT = YES;
			};
			name = Release;
		};
		607FACF01AFB9204008FA782 /* Debug */ = {
			isa = XCBuildConfiguration;
			baseConfigurationReference = 37B1B5E184A589D562BFE5E0 /* Pods-NANJFrameworks_Example.debug.xcconfig */;
			buildSettings = {
				ASSETCATALOG_COMPILER_APPICON_NAME = AppIcon;
				CODE_SIGN_ENTITLEMENTS = NANJFrameworks_Example.entitlements;
				CODE_SIGN_IDENTITY = "iPhone Developer";
				CODE_SIGN_STYLE = Manual;
				DEVELOPMENT_TEAM = TQXT24NXN6;
				INFOPLIST_FILE = NANJFrameworks/Info.plist;
				IPHONEOS_DEPLOYMENT_TARGET = 10.0;
				LD_RUNPATH_SEARCH_PATHS = "$(inherited) @executable_path/Frameworks";
				MODULE_NAME = ExampleApp;
				PRODUCT_BUNDLE_IDENTIFIER = iKite.dev.NANJ;
				PRODUCT_NAME = "$(TARGET_NAME)";
				PROVISIONING_PROFILE = "098886d1-8531-43b9-bad6-3801652f9079";
				PROVISIONING_PROFILE_SPECIFIER = "NANJ Coin - Dev";
				SWIFT_SWIFT3_OBJC_INFERENCE = Default;
				SWIFT_VERSION = 4.0;
			};
			name = Debug;
		};
		607FACF11AFB9204008FA782 /* Release */ = {
			isa = XCBuildConfiguration;
			baseConfigurationReference = 1D4ACF835D95F6A8DF85FE46 /* Pods-NANJFrameworks_Example.release.xcconfig */;
			buildSettings = {
				ASSETCATALOG_COMPILER_APPICON_NAME = AppIcon;
				CODE_SIGN_ENTITLEMENTS = NANJFrameworks_Example.entitlements;
				CODE_SIGN_IDENTITY = "iPhone Developer";
				CODE_SIGN_STYLE = Manual;
				DEVELOPMENT_TEAM = TQXT24NXN6;
				INFOPLIST_FILE = NANJFrameworks/Info.plist;
				IPHONEOS_DEPLOYMENT_TARGET = 10.0;
				LD_RUNPATH_SEARCH_PATHS = "$(inherited) @executable_path/Frameworks";
				MODULE_NAME = ExampleApp;
				PRODUCT_BUNDLE_IDENTIFIER = iKite.dev.NANJ;
				PRODUCT_NAME = "$(TARGET_NAME)";
				PROVISIONING_PROFILE = "098886d1-8531-43b9-bad6-3801652f9079";
				PROVISIONING_PROFILE_SPECIFIER = "NANJ Coin - Dev";
				SWIFT_SWIFT3_OBJC_INFERENCE = Default;
				SWIFT_VERSION = 4.0;
			};
			name = Release;
		};
		607FACF31AFB9204008FA782 /* Debug */ = {
			isa = XCBuildConfiguration;
			baseConfigurationReference = A3A27FDA4954D719DA5DBFBC /* Pods-NANJFrameworks_Tests.debug.xcconfig */;
			buildSettings = {
				FRAMEWORK_SEARCH_PATHS = (
					"$(SDKROOT)/Developer/Library/Frameworks",
					"$(inherited)",
				);
				GCC_PREPROCESSOR_DEFINITIONS = (
					"DEBUG=1",
					"$(inherited)",
				);
				INFOPLIST_FILE = Tests/Info.plist;
				IPHONEOS_DEPLOYMENT_TARGET = 10.0;
				LD_RUNPATH_SEARCH_PATHS = "$(inherited) @executable_path/Frameworks @loader_path/Frameworks";
				PRODUCT_BUNDLE_IDENTIFIER = "org.cocoapods.$(PRODUCT_NAME:rfc1034identifier)";
				PRODUCT_NAME = "$(TARGET_NAME)";
				SWIFT_SWIFT3_OBJC_INFERENCE = Default;
				SWIFT_VERSION = 4.0;
			};
			name = Debug;
		};
		607FACF41AFB9204008FA782 /* Release */ = {
			isa = XCBuildConfiguration;
			baseConfigurationReference = 23FC84B71C195CAD2A673DB0 /* Pods-NANJFrameworks_Tests.release.xcconfig */;
			buildSettings = {
				FRAMEWORK_SEARCH_PATHS = (
					"$(SDKROOT)/Developer/Library/Frameworks",
					"$(inherited)",
				);
				INFOPLIST_FILE = Tests/Info.plist;
				IPHONEOS_DEPLOYMENT_TARGET = 10.0;
				LD_RUNPATH_SEARCH_PATHS = "$(inherited) @executable_path/Frameworks @loader_path/Frameworks";
				PRODUCT_BUNDLE_IDENTIFIER = "org.cocoapods.$(PRODUCT_NAME:rfc1034identifier)";
				PRODUCT_NAME = "$(TARGET_NAME)";
				SWIFT_SWIFT3_OBJC_INFERENCE = Default;
				SWIFT_VERSION = 4.0;
			};
			name = Release;
		};
/* End XCBuildConfiguration section */

/* Begin XCConfigurationList section */
		607FACCB1AFB9204008FA782 /* Build configuration list for PBXProject "NANJFrameworks" */ = {
			isa = XCConfigurationList;
			buildConfigurations = (
				607FACED1AFB9204008FA782 /* Debug */,
				607FACEE1AFB9204008FA782 /* Release */,
			);
			defaultConfigurationIsVisible = 0;
			defaultConfigurationName = Release;
		};
		607FACEF1AFB9204008FA782 /* Build configuration list for PBXNativeTarget "NANJFrameworks_Example" */ = {
			isa = XCConfigurationList;
			buildConfigurations = (
				607FACF01AFB9204008FA782 /* Debug */,
				607FACF11AFB9204008FA782 /* Release */,
			);
			defaultConfigurationIsVisible = 0;
			defaultConfigurationName = Release;
		};
		607FACF21AFB9204008FA782 /* Build configuration list for PBXNativeTarget "NANJFrameworks_Tests" */ = {
			isa = XCConfigurationList;
			buildConfigurations = (
				607FACF31AFB9204008FA782 /* Debug */,
				607FACF41AFB9204008FA782 /* Release */,
			);
			defaultConfigurationIsVisible = 0;
			defaultConfigurationName = Release;
		};
/* End XCConfigurationList section */
	};
	rootObject = 607FACC81AFB9204008FA782 /* Project object */;
}
